
Microsoft Visual Studio Solution File, Format Version 12.00
# Visual Studio Version 17
VisualStudioVersion = 17.10.35013.160
MinimumVisualStudioVersion = 10.0.40219.1
Project("{FAE04EC0-301F-11D3-BF4B-00C04F79EFBC}") = "Skyline", "Skyline.csproj", "{C79CDA8F-95F5-4056-BA3E-E76901B6C471}"
EndProject
Global
	GlobalSection(SolutionConfigurationPlatforms) = preSolution
		Debug|Any CPU = Debug|Any CPU
		Release|Any CPU = Release|Any CPU
	EndGlobalSection
	GlobalSection(ProjectConfigurationPlatforms) = postSolution
		{C79CDA8F-95F5-4056-BA3E-E76901B6C471}.Debug|Any CPU.ActiveCfg = Debug|Any CPU
		{C79CDA8F-95F5-4056-BA3E-E76901B6C471}.Debug|Any CPU.Build.0 = Debug|Any CPU
		{C79CDA8F-95F5-4056-BA3E-E76901B6C471}.Release|Any CPU.ActiveCfg = Release|Any CPU
		{C79CDA8F-95F5-4056-BA3E-E76901B6C471}.Release|Any CPU.Build.0 = Release|Any CPU
	EndGlobalSection
	GlobalSection(SolutionProperties) = preSolution
		HideSolutionNode = FALSE
	EndGlobalSection
	GlobalSection(ExtensibilityGlobals) = postSolution
		SolutionGuid = {CC563828-C127-4F0B-867C-9EAEA56AEB48}
	EndGlobalSection
EndGlobal
